PODS:
  - KMPNativeCoroutinesCombine (0.11.3):
    - KMPNativeCoroutinesCore (= 0.11.3)
  - KMPNativeCoroutinesCore (0.11.3)
  - shared (1.0)
  - SwiftLint (0.41.0)

DEPENDENCIES:
  - KMPNativeCoroutinesCombine
  - shared (from `../kmp/shared/`)
  - SwiftLint

SPEC REPOS:
  trunk:
    - KMPNativeCoroutinesCombine
    - KMPNativeCoroutinesCore
    - SwiftLint

EXTERNAL SOURCES:
  shared:
    :path: "../kmp/shared/"

SPEC CHECKSUMS:
  KMPNativeCoroutinesCombine: eb605c5d8315a2f3d046767c3b733887009cc5de
  KMPNativeCoroutinesCore: 28d42a3a801ce4d5be75e01a7f227462c529a127
  shared: e27df6fd96830fbc762818c4daa52dc0f6c63bfe
  SwiftLint: c585ebd615d9520d7fbdbe151f527977b0534f1e

PODFILE CHECKSUM: 798f387499526872bc403f352ce3b79511dd8f28

COCOAPODS: 1.11.2
